
Microsoft Visual Studio Solution File, Format Version 12.00
# Visual Studio Version 17
VisualStudioVersion = 17.0.31903.59
MinimumVisualStudioVersion = 10.0.40219.1
Project("{FAE04EC0-301F-11D3-BF4B-00C04F79EFBC}") = "AdventOfCode.Cli", "AdventOfCode.Cli\AdventOfCode.Cli.csproj", "{16B3FFE2-97A6-4272-AC9D-A491D4373ED3}"
EndProject
Project("{FAE04EC0-301F-11D3-BF4B-00C04F79EFBC}") = "AdventOfCode.Solutions2023", "2023\AdventOfCode.Solutions2023.csproj", "{DAFA4193-8432-47CB-8CFE-E689AC6A8BD6}"
EndProject
Project("{FAE04EC0-301F-11D3-BF4B-00C04F79EFBC}") = "AdventOfCode.Core", "AdventOfCode.Core\AdventOfCode.Core.csproj", "{070F1D40-58ED-4AEB-8117-7EF70A98AFB1}"
EndProject
Global
	GlobalSection(SolutionConfigurationPlatforms) = preSolution
		Debug|Any CPU = Debug|Any CPU
		Release|Any CPU = Release|Any CPU
	EndGlobalSection
	GlobalSection(ProjectConfigurationPlatforms) = postSolution
		{16B3FFE2-97A6-4272-AC9D-A491D4373ED3}.Debug|Any CPU.ActiveCfg = Debug|Any CPU
		{16B3FFE2-97A6-4272-AC9D-A491D4373ED3}.Debug|Any CPU.Build.0 = Debug|Any CPU
		{16B3FFE2-97A6-4272-AC9D-A491D4373ED3}.Release|Any CPU.ActiveCfg = Release|Any CPU
		{16B3FFE2-97A6-4272-AC9D-A491D4373ED3}.Release|Any CPU.Build.0 = Release|Any CPU
		{DAFA4193-8432-47CB-8CFE-E689AC6A8BD6}.Debug|Any CPU.ActiveCfg = Debug|Any CPU
		{DAFA4193-8432-47CB-8CFE-E689AC6A8BD6}.Debug|Any CPU.Build.0 = Debug|Any CPU
		{DAFA4193-8432-47CB-8CFE-E689AC6A8BD6}.Release|Any CPU.ActiveCfg = Release|Any CPU
		{DAFA4193-8432-47CB-8CFE-E689AC6A8BD6}.Release|Any CPU.Build.0 = Release|Any CPU
		{070F1D40-58ED-4AEB-8117-7EF70A98AFB1}.Debug|Any CPU.ActiveCfg = Debug|Any CPU
		{070F1D40-58ED-4AEB-8117-7EF70A98AFB1}.Debug|Any CPU.Build.0 = Debug|Any CPU
		{070F1D40-58ED-4AEB-8117-7EF70A98AFB1}.Release|Any CPU.ActiveCfg = Release|Any CPU
		{070F1D40-58ED-4AEB-8117-7EF70A98AFB1}.Release|Any CPU.Build.0 = Release|Any CPU
	EndGlobalSection
	GlobalSection(SolutionProperties) = preSolution
		HideSolutionNode = FALSE
	EndGlobalSection
EndGlobal
